
Microsoft Visual Studio Solution File, Format Version 12.00
# Visual Studio Version 17
VisualStudioVersion = 17.7.34202.233
MinimumVisualStudioVersion = 10.0.40219.1
Project("{FAE04EC0-301F-11D3-BF4B-00C04F79EFBC}") = "test_list_proje", "test_list_proje\test_list_proje.csproj", "{3547691B-6C24-4BF7-B035-986A02E119E1}"
EndProject
Global
	GlobalSection(SolutionConfigurationPlatforms) = preSolution
		Debug|Any CPU = Debug|Any CPU
		Release|Any CPU = Release|Any CPU
	EndGlobalSection
	GlobalSection(ProjectConfigurationPlatforms) = postSolution
		{3547691B-6C24-4BF7-B035-986A02E119E1}.Debug|Any CPU.ActiveCfg = Debug|Any CPU
		{3547691B-6C24-4BF7-B035-986A02E119E1}.Debug|Any CPU.Build.0 = Debug|Any CPU
		{3547691B-6C24-4BF7-B035-986A02E119E1}.Release|Any CPU.ActiveCfg = Release|Any CPU
		{3547691B-6C24-4BF7-B035-986A02E119E1}.Release|Any CPU.Build.0 = Release|Any CPU
	EndGlobalSection
	GlobalSection(SolutionProperties) = preSolution
		HideSolutionNode = FALSE
	EndGlobalSection
	GlobalSection(ExtensibilityGlobals) = postSolution
		SolutionGuid = {0BBC117A-B8E2-4AF5-9686-2AB2AE904F6C}
	EndGlobalSection
EndGlobal
